
Microsoft Visual Studio Solution File, Format Version 12.00
# Visual Studio Version 16
VisualStudioVersion = 16.0.31112.23
MinimumVisualStudioVersion = 10.0.40219.1
Project("{E24C65DC-7377-472B-9ABA-BC803B73C61A}") = "WCFServiceTestSoap", "WCFServiceTestSoap\", "{7E159543-E055-44D8-810E-AF1460CDE08B}"
	ProjectSection(WebsiteProperties) = preProject
		TargetFrameworkMoniker = ".NETFramework,Version%3Dv4.6.1"
		Debug.AspNetCompiler.VirtualPath = "/localhost_61378"
		Debug.AspNetCompiler.PhysicalPath = "WCFServiceTestSoap\"
		Debug.AspNetCompiler.TargetPath = "PrecompiledWeb\localhost_61378\"
		Debug.AspNetCompiler.Updateable = "true"
		Debug.AspNetCompiler.ForceOverwrite = "true"
		Debug.AspNetCompiler.FixedNames = "false"
		Debug.AspNetCompiler.Debug = "True"
		Release.AspNetCompiler.VirtualPath = "/localhost_61378"
		Release.AspNetCompiler.PhysicalPath = "WCFServiceTestSoap\"
		Release.AspNetCompiler.TargetPath = "PrecompiledWeb\localhost_61378\"
		Release.AspNetCompiler.Updateable = "true"
		Release.AspNetCompiler.ForceOverwrite = "true"
		Release.AspNetCompiler.FixedNames = "false"
		Release.AspNetCompiler.Debug = "False"
		VWDPort = "61378"
		SlnRelativePath = "WCFServiceTestSoap\"
		DefaultWebSiteLanguage = "Visual C#"
	EndProjectSection
EndProject
Global
	GlobalSection(SolutionConfigurationPlatforms) = preSolution
		Debug|Any CPU = Debug|Any CPU
	EndGlobalSection
	GlobalSection(ProjectConfigurationPlatforms) = postSolution
		{7E159543-E055-44D8-810E-AF1460CDE08B}.Debug|Any CPU.ActiveCfg = Debug|Any CPU
		{7E159543-E055-44D8-810E-AF1460CDE08B}.Debug|Any CPU.Build.0 = Debug|Any CPU
	EndGlobalSection
	GlobalSection(SolutionProperties) = preSolution
		HideSolutionNode = FALSE
	EndGlobalSection
	GlobalSection(ExtensibilityGlobals) = postSolution
		SolutionGuid = {B52600C8-1B65-4748-809B-2C91BE9F7208}
	EndGlobalSection
EndGlobal
